
Microsoft Visual Studio Solution File, Format Version 12.00
# Visual Studio Version 17
VisualStudioVersion = 17.2.32616.157
MinimumVisualStudioVersion = 10.0.40219.1
Project("{FAE04EC0-301F-11D3-BF4B-00C04F79EFBC}") = "WinFromBlazorHibrid", "WinFromBlazorHibrid\WinFromBlazorHibrid.csproj", "{B7B26C18-83D7-43D2-9574-4F9B5A7E3434}"
EndProject
Global
	GlobalSection(SolutionConfigurationPlatforms) = preSolution
		Debug|Any CPU = Debug|Any CPU
		Release|Any CPU = Release|Any CPU
	EndGlobalSection
	GlobalSection(ProjectConfigurationPlatforms) = postSolution
		{B7B26C18-83D7-43D2-9574-4F9B5A7E3434}.Debug|Any CPU.ActiveCfg = Debug|Any CPU
		{B7B26C18-83D7-43D2-9574-4F9B5A7E3434}.Debug|Any CPU.Build.0 = Debug|Any CPU
		{B7B26C18-83D7-43D2-9574-4F9B5A7E3434}.Release|Any CPU.ActiveCfg = Release|Any CPU
		{B7B26C18-83D7-43D2-9574-4F9B5A7E3434}.Release|Any CPU.Build.0 = Release|Any CPU
	EndGlobalSection
	GlobalSection(SolutionProperties) = preSolution
		HideSolutionNode = FALSE
	EndGlobalSection
	GlobalSection(ExtensibilityGlobals) = postSolution
		SolutionGuid = {51BC56C8-D528-4FE8-B981-BA1E3362755A}
	EndGlobalSection
EndGlobal
